{
  "nodes": {
    "nixpkgs": {
      "locked": {
        "lastModified": 1778003029,
        "narHash": "sha256-q/nkKLDtHIyLjZpKhWk3cSK5IYsFqtMd6UtXF3ddjgA=",
        "owner": "NixOS",
        "repo": "nixpkgs",
        "rev": "0c88e1f2bdb93d5999019e99cb0e61e1fe2af4c5",
        "type": "github"
      },
      "original": {
        "owner": "NixOS",
        "ref": "nixos-25.11",
        "repo": "nixpkgs",
        "type": "github"
      }
    },
    "nixpkgs_2": {
      "locked": {
        "lastModified": 1778003029,
        "narHash": "sha256-q/nkKLDtHIyLjZpKhWk3cSK5IYsFqtMd6UtXF3ddjgA=",
        "owner": "NixOS",
        "repo": "nixpkgs",
        "rev": "0c88e1f2bdb93d5999019e99cb0e61e1fe2af4c5",
        "type": "github"
      },
      "original": {
        "owner": "NixOS",
        "ref": "nixos-25.11",
        "repo": "nixpkgs",
        "type": "github"
      }
    },
    "root": {
      "inputs": {
        "nixpkgs": "nixpkgs",
        "test-vm": "test-vm"
      }
    },
    "test-vm": {
      "inputs": {
        "nixpkgs": "nixpkgs_2"
      },
      "locked": {
        "lastModified": 1778110260,
        "narHash": "sha256-ueAXoeqagwLOU84GYh/fiNN+tnU6Gk21AjPPgAx81NQ=",
        "owner": "jimurrito",
        "repo": "nixos-test-vm",
        "rev": "39b5ba13f0f2b6c3a1c946d1c952b92e2fb34ad4",
        "type": "github"
      },
      "original": {
        "owner": "jimurrito",
        "repo": "nixos-test-vm",
        "type": "github"
      }
    }
  },
  "root": "root",
  "version": 7
}
